// !$*UTF8*$!
{
	archiveVersion = 1;
	classes = {
	};
	objectVersion = 51;
	objects = {

/* Begin PBXBuildFile section */
		7F4F840322BD72ED008F9183 /* AppDelegate.swift in Sources */ = {isa = PBXBuildFile; fileRef = 7F4F840222BD72ED008F9183 /* AppDelegate.swift */; };
		7F4F840A22BD72EE008F9183 /* Assets.xcassets in Resources */ = {isa = PBXBuildFile; fileRef = 7F4F840922BD72EE008F9183 /* Assets.xcassets */; };
		7F4F840D22BD72EE008F9183 /* LaunchScreen.storyboard in Resources */ = {isa = PBXBuildFile; fileRef = 7F4F840B22BD72EE008F9183 /* LaunchScreen.storyboard */; };
		7F4F842422BD73D9008F9183 /* StatusListVC.swift in Sources */ = {isa = PBXBuildFile; fileRef = 7F4F842322BD73D9008F9183 /* StatusListVC.swift */; };
		7F4F842A22BD7467008F9183 /* LineStatusCell.swift in Sources */ = {isa = PBXBuildFile; fileRef = 7F4F842922BD7467008F9183 /* LineStatusCell.swift */; };
		7F536DC022DBE1CF00025632 /* GoogleService-Info.plist in Resources */ = {isa = PBXBuildFile; fileRef = 7F536DBF22DBE1CF00025632 /* GoogleService-Info.plist */; };
		7F7C942122C797210055466C /* TubeStatusCore.framework in Frameworks */ = {isa = PBXBuildFile; fileRef = 7F7C942022C7971C0055466C /* TubeStatusCore.framework */; };
		7F7C942222C797210055466C /* TubeStatusCore.framework in Embed Frameworks */ = {isa = PBXBuildFile; fileRef = 7F7C942022C7971C0055466C /* TubeStatusCore.framework */; settings = {ATTRIBUTES = (CodeSignOnCopy, RemoveHeadersOnCopy, ); }; };
		7F7C942C22C819350055466C /* IntentHandler.swift in Sources */ = {isa = PBXBuildFile; fileRef = 7F7C942B22C819350055466C /* IntentHandler.swift */; };
		7F7C944122C819360055466C /* TubeStatusIntent.appex in Embed App Extensions */ = {isa = PBXBuildFile; fileRef = 7F7C942922C819350055466C /* TubeStatusIntent.appex */; settings = {ATTRIBUTES = (RemoveHeadersOnCopy, ); }; };
		7F7C944922C819640055466C /* Intents.intentdefinition in Sources */ = {isa = PBXBuildFile; fileRef = 7F7C944822C819640055466C /* Intents.intentdefinition */; };
		7F7C944A22C81A690055466C /* Intents.intentdefinition in Sources */ = {isa = PBXBuildFile; fileRef = 7F7C944822C819640055466C /* Intents.intentdefinition */; };
		7F7C944D22C81AED0055466C /* TubeStatusIntentHandler.swift in Sources */ = {isa = PBXBuildFile; fileRef = 7F7C944C22C81AED0055466C /* TubeStatusIntentHandler.swift */; };
		7FAA278322D12ACD007AAEA7 /* NotificationCenter.framework in Frameworks */ = {isa = PBXBuildFile; fileRef = 7FE233DF22CFF4D1008D0253 /* NotificationCenter.framework */; };
		7FAA278622D12ACD007AAEA7 /* TodayViewController.swift in Sources */ = {isa = PBXBuildFile; fileRef = 7FAA278522D12ACD007AAEA7 /* TodayViewController.swift */; };
		7FAA278922D12ACD007AAEA7 /* MainInterface.storyboard in Resources */ = {isa = PBXBuildFile; fileRef = 7FAA278722D12ACD007AAEA7 /* MainInterface.storyboard */; };
		7FAA278D22D12ACD007AAEA7 /* SimpleTodayWidget.appex in Embed App Extensions */ = {isa = PBXBuildFile; fileRef = 7FAA278222D12ACD007AAEA7 /* SimpleTodayWidget.appex */; settings = {ATTRIBUTES = (RemoveHeadersOnCopy, ); }; };
		7FAA279122D13142007AAEA7 /* TubeStatusCore.framework in Frameworks */ = {isa = PBXBuildFile; fileRef = 7F7C942022C7971C0055466C /* TubeStatusCore.framework */; };
		7FAA279222D13147007AAEA7 /* TubeStatusCore.framework in Frameworks */ = {isa = PBXBuildFile; fileRef = 7F7C942022C7971C0055466C /* TubeStatusCore.framework */; };
		7FB7CB2122C0158F00EC24CE /* SwipeExampleCell.swift in Sources */ = {isa = PBXBuildFile; fileRef = 7FB7CB2022C0158F00EC24CE /* SwipeExampleCell.swift */; };
		7FB9262722CAADCC00311604 /* TubeStatusCore.framework in Frameworks */ = {isa = PBXBuildFile; fileRef = 7F7C942022C7971C0055466C /* TubeStatusCore.framework */; };
		7FDE45E022BF9FFF004909BE /* TimerCell.swift in Sources */ = {isa = PBXBuildFile; fileRef = 7FDE45DF22BF9FFF004909BE /* TimerCell.swift */; };
		7FE233F322CFF605008D0253 /* NotificationCenter.framework in Frameworks */ = {isa = PBXBuildFile; fileRef = 7FE233DF22CFF4D1008D0253 /* NotificationCenter.framework */; };
		7FE233F622CFF605008D0253 /* TodayViewController.swift in Sources */ = {isa = PBXBuildFile; fileRef = 7FE233F522CFF605008D0253 /* TodayViewController.swift */; };
		7FE233F922CFF605008D0253 /* MainInterface.storyboard in Resources */ = {isa = PBXBuildFile; fileRef = 7FE233F722CFF605008D0253 /* MainInterface.storyboard */; };
		7FE233FD22CFF605008D0253 /* TodayWIdget.appex in Embed App Extensions */ = {isa = PBXBuildFile; fileRef = 7FE233F222CFF605008D0253 /* TodayWIdget.appex */; settings = {ATTRIBUTES = (RemoveHeadersOnCopy, ); }; };
		B82A3A59217C497DEF37DD79 /* Pods_TubeStatus.framework in Frameworks */ = {isa = PBXBuildFile; fileRef = 83DED64C5B75571A868CFF7A /* Pods_TubeStatus.framework */; };
/* End PBXBuildFile section */

/* Begin PBXContainerItemProxy section */
		7F7C941F22C7971C0055466C /* PBXContainerItemProxy */ = {
			isa = PBXContainerItemProxy;
			containerPortal = 7F7C941B22C7971C0055466C /* TubeStatusCore.xcodeproj */;
			proxyType = 2;
			remoteGlobalIDString = 7FEFF4F922C78AA50083C36F;
			remoteInfo = TubeStatusCore;
		};
		7F7C942322C797210055466C /* PBXContainerItemProxy */ = {
			isa = PBXContainerItemProxy;
			containerPortal = 7F7C941B22C7971C0055466C /* TubeStatusCore.xcodeproj */;
			proxyType = 1;
			remoteGlobalIDString = 7FEFF4F822C78AA50083C36F;
			remoteInfo = TubeStatusCore;
		};
		7F7C943F22C819360055466C /* PBXContainerItemProxy */ = {
			isa = PBXContainerItemProxy;
			containerPortal = 7F4F83F722BD72ED008F9183 /* Project object */;
			proxyType = 1;
			remoteGlobalIDString = 7F7C942822C819350055466C;
			remoteInfo = TubeStatusIntent;
		};
		7FAA278B22D12ACD007AAEA7 /* PBXContainerItemProxy */ = {
			isa = PBXContainerItemProxy;
			containerPortal = 7F4F83F722BD72ED008F9183 /* Project object */;
			proxyType = 1;
			remoteGlobalIDString = 7FAA278122D12ACD007AAEA7;
			remoteInfo = SimpleTodayWidget;
		};
		7FE233FB22CFF605008D0253 /* PBXContainerItemProxy */ = {
			isa = PBXContainerItemProxy;
			containerPortal = 7F4F83F722BD72ED008F9183 /* Project object */;
			proxyType = 1;
			remoteGlobalIDString = 7FE233F122CFF605008D0253;
			remoteInfo = TodayWIdget;
		};
/* End PBXContainerItemProxy section */

/* Begin PBXCopyFilesBuildPhase section */
		7F99797922C6A8F10065579D /* Embed App Extensions */ = {
			isa = PBXCopyFilesBuildPhase;
			buildActionMask = 2147483647;
			dstPath = "";
			dstSubfolderSpec = 13;
			files = (
				7FAA278D22D12ACD007AAEA7 /* SimpleTodayWidget.appex in Embed App Extensions */,
				7FE233FD22CFF605008D0253 /* TodayWIdget.appex in Embed App Extensions */,
				7F7C944122C819360055466C /* TubeStatusIntent.appex in Embed App Extensions */,
			);
			name = "Embed App Extensions";
			runOnlyForDeploymentPostprocessing = 0;
		};
		7FEFF51B22C78C9D0083C36F /* Embed Frameworks */ = {
			isa = PBXCopyFilesBuildPhase;
			buildActionMask = 2147483647;
			dstPath = "";
			dstSubfolderSpec = 10;
			files = (
				7F7C942222C797210055466C /* TubeStatusCore.framework in Embed Frameworks */,
			);
			name = "Embed Frameworks";
			runOnlyForDeploymentPostprocessing = 0;
		};
/* End PBXCopyFilesBuildPhase section */

/* Begin PBXFileReference section */
		166476670031A3C074139446 /* Pods-TubeStatus.release.xcconfig */ = {isa = PBXFileReference; includeInIndex = 1; lastKnownFileType = text.xcconfig; name = "Pods-TubeStatus.release.xcconfig"; path = "Target Support Files/Pods-TubeStatus/Pods-TubeStatus.release.xcconfig"; sourceTree = "<group>"; };
		7F4F83FF22BD72ED008F9183 /* TubeStatus.app */ = {isa = PBXFileReference; explicitFileType = wrapper.application; includeInIndex = 0; path = TubeStatus.app; sourceTree = BUILT_PRODUCTS_DIR; };
		7F4F840222BD72ED008F9183 /* AppDelegate.swift */ = {isa = PBXFileReference; lastKnownFileType = sourcecode.swift; path = AppDelegate.swift; sourceTree = "<group>"; };
		7F4F840922BD72EE008F9183 /* Assets.xcassets */ = {isa = PBXFileReference; lastKnownFileType = folder.assetcatalog; path = Assets.xcassets; sourceTree = "<group>"; };
		7F4F840C22BD72EE008F9183 /* Base */ = {isa = PBXFileReference; lastKnownFileType = file.storyboard; name = Base; path = Base.lproj/LaunchScreen.storyboard; sourceTree = "<group>"; };
		7F4F840E22BD72EE008F9183 /* Info.plist */ = {isa = PBXFileReference; lastKnownFileType = text.plist.xml; path = Info.plist; sourceTree = "<group>"; };
		7F4F842322BD73D9008F9183 /* StatusListVC.swift */ = {isa = PBXFileReference; lastKnownFileType = sourcecode.swift; path = StatusListVC.swift; sourceTree = "<group>"; };
		7F4F842922BD7467008F9183 /* LineStatusCell.swift */ = {isa = PBXFileReference; fileEncoding = 4; lastKnownFileType = sourcecode.swift; path = LineStatusCell.swift; sourceTree = "<group>"; };
		7F4F843C22BD7CC5008F9183 /* TubeStatus-Bridging-Header.h */ = {isa = PBXFileReference; lastKnownFileType = sourcecode.c.h; path = "TubeStatus-Bridging-Header.h"; sourceTree = "<group>"; };
		7F536DBF22DBE1CF00025632 /* GoogleService-Info.plist */ = {isa = PBXFileReference; fileEncoding = 4; lastKnownFileType = text.plist.xml; path = "GoogleService-Info.plist"; sourceTree = "<group>"; };
		7F7C941B22C7971C0055466C /* TubeStatusCore.xcodeproj */ = {isa = PBXFileReference; lastKnownFileType = "wrapper.pb-project"; name = TubeStatusCore.xcodeproj; path = ../TubeStatusCore/TubeStatusCore.xcodeproj; sourceTree = "<group>"; };
		7F7C942922C819350055466C /* TubeStatusIntent.appex */ = {isa = PBXFileReference; explicitFileType = "wrapper.app-extension"; includeInIndex = 0; path = TubeStatusIntent.appex; sourceTree = BUILT_PRODUCTS_DIR; };
		7F7C942B22C819350055466C /* IntentHandler.swift */ = {isa = PBXFileReference; lastKnownFileType = sourcecode.swift; path = IntentHandler.swift; sourceTree = "<group>"; };
		7F7C942D22C819350055466C /* Info.plist */ = {isa = PBXFileReference; lastKnownFileType = text.plist.xml; path = Info.plist; sourceTree = "<group>"; };
		7F7C943322C819360055466C /* IntentsUI.framework */ = {isa = PBXFileReference; lastKnownFileType = wrapper.framework; name = IntentsUI.framework; path = System/Library/Frameworks/IntentsUI.framework; sourceTree = SDKROOT; };
		7F7C944822C819640055466C /* Intents.intentdefinition */ = {isa = PBXFileReference; lastKnownFileType = file.intentdefinition; path = Intents.intentdefinition; sourceTree = "<group>"; };
		7F7C944C22C81AED0055466C /* TubeStatusIntentHandler.swift */ = {isa = PBXFileReference; lastKnownFileType = sourcecode.swift; path = TubeStatusIntentHandler.swift; sourceTree = "<group>"; };
		7F969EE222C41BFC00562373 /* TubeStatus.entitlements */ = {isa = PBXFileReference; lastKnownFileType = text.plist.entitlements; path = TubeStatus.entitlements; sourceTree = "<group>"; };
		7FAA277C22D1259A007AAEA7 /* TubeStatusIntent.entitlements */ = {isa = PBXFileReference; lastKnownFileType = text.plist.entitlements; path = TubeStatusIntent.entitlements; sourceTree = "<group>"; };
		7FAA277D22D125A2007AAEA7 /* TodayWIdget.entitlements */ = {isa = PBXFileReference; lastKnownFileType = text.plist.entitlements; path = TodayWIdget.entitlements; sourceTree = "<group>"; };
		7FAA278222D12ACD007AAEA7 /* SimpleTodayWidget.appex */ = {isa = PBXFileReference; explicitFileType = "wrapper.app-extension"; includeInIndex = 0; path = SimpleTodayWidget.appex; sourceTree = BUILT_PRODUCTS_DIR; };
		7FAA278522D12ACD007AAEA7 /* TodayViewController.swift */ = {isa = PBXFileReference; lastKnownFileType = sourcecode.swift; path = TodayViewController.swift; sourceTree = "<group>"; };
		7FAA278822D12ACD007AAEA7 /* Base */ = {isa = PBXFileReference; lastKnownFileType = file.storyboard; name = Base; path = Base.lproj/MainInterface.storyboard; sourceTree = "<group>"; };
		7FAA278A22D12ACD007AAEA7 /* Info.plist */ = {isa = PBXFileReference; lastKnownFileType = text.plist.xml; path = Info.plist; sourceTree = "<group>"; };
		7FB7CB2022C0158F00EC24CE /* SwipeExampleCell.swift */ = {isa = PBXFileReference; lastKnownFileType = sourcecode.swift; path = SwipeExampleCell.swift; sourceTree = "<group>"; };
		7FDE45DF22BF9FFF004909BE /* TimerCell.swift */ = {isa = PBXFileReference; lastKnownFileType = sourcecode.swift; path = TimerCell.swift; sourceTree = "<group>"; };
		7FE233DF22CFF4D1008D0253 /* NotificationCenter.framework */ = {isa = PBXFileReference; lastKnownFileType = wrapper.framework; name = NotificationCenter.framework; path = System/Library/Frameworks/NotificationCenter.framework; sourceTree = SDKROOT; };
		7FE233F222CFF605008D0253 /* TodayWIdget.appex */ = {isa = PBXFileReference; explicitFileType = "wrapper.app-extension"; includeInIndex = 0; path = TodayWIdget.appex; sourceTree = BUILT_PRODUCTS_DIR; };
		7FE233F522CFF605008D0253 /* TodayViewController.swift */ = {isa = PBXFileReference; lastKnownFileType = sourcecode.swift; path = TodayViewController.swift; sourceTree = "<group>"; };
		7FE233F822CFF605008D0253 /* Base */ = {isa = PBXFileReference; lastKnownFileType = file.storyboard; name = Base; path = Base.lproj/MainInterface.storyboard; sourceTree = "<group>"; };
		7FE233FA22CFF605008D0253 /* Info.plist */ = {isa = PBXFileReference; lastKnownFileType = text.plist.xml; path = Info.plist; sourceTree = "<group>"; };
		83DED64C5B75571A868CFF7A /* Pods_TubeStatus.framework */ = {isa = PBXFileReference; explicitFileType = wrapper.framework; includeInIndex = 0; path = Pods_TubeStatus.framework; sourceTree = BUILT_PRODUCTS_DIR; };
		95A34B55DF6BE75A8F4FABA2 /* Pods-TubeStatus.debug.xcconfig */ = {isa = PBXFileReference; includeInIndex = 1; lastKnownFileType = text.xcconfig; name = "Pods-TubeStatus.debug.xcconfig"; path = "Target Support Files/Pods-TubeStatus/Pods-TubeStatus.debug.xcconfig"; sourceTree = "<group>"; };
/* End PBXFileReference section */

/* Begin PBXFrameworksBuildPhase section */
		7F4F83FC22BD72ED008F9183 /* Frameworks */ = {
			isa = PBXFrameworksBuildPhase;
			buildActionMask = 2147483647;
			files = (
				B82A3A59217C497DEF37DD79 /* Pods_TubeStatus.framework in Frameworks */,
				7F7C942122C797210055466C /* TubeStatusCore.framework in Frameworks */,
			);
			runOnlyForDeploymentPostprocessing = 0;
		};
		7F7C942622C819350055466C /* Frameworks */ = {
			isa = PBXFrameworksBuildPhase;
			buildActionMask = 2147483647;
			files = (
				7FB9262722CAADCC00311604 /* TubeStatusCore.framework in Frameworks */,
			);
			runOnlyForDeploymentPostprocessing = 0;
		};
		7FAA277F22D12ACD007AAEA7 /* Frameworks */ = {
			isa = PBXFrameworksBuildPhase;
			buildActionMask = 2147483647;
			files = (
				7FAA279122D13142007AAEA7 /* TubeStatusCore.framework in Frameworks */,
				7FAA278322D12ACD007AAEA7 /* NotificationCenter.framework in Frameworks */,
			);
			runOnlyForDeploymentPostprocessing = 0;
		};
		7FE233EF22CFF605008D0253 /* Frameworks */ = {
			isa = PBXFrameworksBuildPhase;
			buildActionMask = 2147483647;
			files = (
				7FAA279222D13147007AAEA7 /* TubeStatusCore.framework in Frameworks */,
				7FE233F322CFF605008D0253 /* NotificationCenter.framework in Frameworks */,
			);
			runOnlyForDeploymentPostprocessing = 0;
		};
/* End PBXFrameworksBuildPhase section */

/* Begin PBXGroup section */
		63F0FD102F1429DBE276BECC /* Pods */ = {
			isa = PBXGroup;
			children = (
				95A34B55DF6BE75A8F4FABA2 /* Pods-TubeStatus.debug.xcconfig */,
				166476670031A3C074139446 /* Pods-TubeStatus.release.xcconfig */,
			);
			path = Pods;
			sourceTree = "<group>";
		};
		7F4F83F622BD72ED008F9183 = {
			isa = PBXGroup;
			children = (
				7F536DBF22DBE1CF00025632 /* GoogleService-Info.plist */,
				7F7C941B22C7971C0055466C /* TubeStatusCore.xcodeproj */,
				7F4F840122BD72ED008F9183 /* TubeStatus */,
				7F7C944822C819640055466C /* Intents.intentdefinition */,
				7F7C942A22C819350055466C /* TubeStatusIntent */,
				7FE233F422CFF605008D0253 /* TodayWIdget */,
				7FAA278422D12ACD007AAEA7 /* SimpleTodayWidget */,
				7F4F840022BD72ED008F9183 /* Products */,
				63F0FD102F1429DBE276BECC /* Pods */,
				D8E745C08821150ED3EB20EF /* Frameworks */,
			);
			sourceTree = "<group>";
		};
		7F4F840022BD72ED008F9183 /* Products */ = {
			isa = PBXGroup;
			children = (
				7F4F83FF22BD72ED008F9183 /* TubeStatus.app */,
				7F7C942922C819350055466C /* TubeStatusIntent.appex */,
				7FE233F222CFF605008D0253 /* TodayWIdget.appex */,
				7FAA278222D12ACD007AAEA7 /* SimpleTodayWidget.appex */,
			);
			name = Products;
			sourceTree = "<group>";
		};
		7F4F840122BD72ED008F9183 /* TubeStatus */ = {
			isa = PBXGroup;
			children = (
				7F969EE222C41BFC00562373 /* TubeStatus.entitlements */,
				7F4F840222BD72ED008F9183 /* AppDelegate.swift */,
				7F4F842222BD7326008F9183 /* Controllers */,
				7F4F842822BD7467008F9183 /* View */,
				7F4F840922BD72EE008F9183 /* Assets.xcassets */,
				7F4F840B22BD72EE008F9183 /* LaunchScreen.storyboard */,
				7F4F840E22BD72EE008F9183 /* Info.plist */,
				7F4F843C22BD7CC5008F9183 /* TubeStatus-Bridging-Header.h */,
			);
			path = TubeStatus;
			sourceTree = "<group>";
		};
		7F4F842222BD7326008F9183 /* Controllers */ = {
			isa = PBXGroup;
			children = (
				7F4F842322BD73D9008F9183 /* StatusListVC.swift */,
			);
			path = Controllers;
			sourceTree = "<group>";
		};
		7F4F842822BD7467008F9183 /* View */ = {
			isa = PBXGroup;
			children = (
				7F4F842922BD7467008F9183 /* LineStatusCell.swift */,
				7FDE45DF22BF9FFF004909BE /* TimerCell.swift */,
				7FB7CB2022C0158F00EC24CE /* SwipeExampleCell.swift */,
			);
			path = View;
			sourceTree = "<group>";
		};
		7F7C941C22C7971C0055466C /* Products */ = {
			isa = PBXGroup;
			children = (
				7F7C942022C7971C0055466C /* TubeStatusCore.framework */,
			);
			name = Products;
			sourceTree = "<group>";
		};
		7F7C942A22C819350055466C /* TubeStatusIntent */ = {
			isa = PBXGroup;
			children = (
				7FAA277C22D1259A007AAEA7 /* TubeStatusIntent.entitlements */,
				7F7C942B22C819350055466C /* IntentHandler.swift */,
				7F7C944C22C81AED0055466C /* TubeStatusIntentHandler.swift */,
				7F7C942D22C819350055466C /* Info.plist */,
			);
			path = TubeStatusIntent;
			sourceTree = "<group>";
		};
		7FAA278422D12ACD007AAEA7 /* SimpleTodayWidget */ = {
			isa = PBXGroup;
			children = (
				7FAA278522D12ACD007AAEA7 /* TodayViewController.swift */,
				7FAA278722D12ACD007AAEA7 /* MainInterface.storyboard */,
				7FAA278A22D12ACD007AAEA7 /* Info.plist */,
			);
			path = SimpleTodayWidget;
			sourceTree = "<group>";
		};
		7FE233F422CFF605008D0253 /* TodayWIdget */ = {
			isa = PBXGroup;
			children = (
				7FAA277D22D125A2007AAEA7 /* TodayWIdget.entitlements */,
				7FE233F522CFF605008D0253 /* TodayViewController.swift */,
				7FE233F722CFF605008D0253 /* MainInterface.storyboard */,
				7FE233FA22CFF605008D0253 /* Info.plist */,
			);
			path = TodayWIdget;
			sourceTree = "<group>";
		};
		D8E745C08821150ED3EB20EF /* Frameworks */ = {
			isa = PBXGroup;
			children = (
				83DED64C5B75571A868CFF7A /* Pods_TubeStatus.framework */,
				7F7C943322C819360055466C /* IntentsUI.framework */,
				7FE233DF22CFF4D1008D0253 /* NotificationCenter.framework */,
			);
			name = Frameworks;
			sourceTree = "<group>";
		};
/* End PBXGroup section */

/* Begin PBXNativeTarget section */
		7F4F83FE22BD72ED008F9183 /* TubeStatus */ = {
			isa = PBXNativeTarget;
			buildConfigurationList = 7F4F841C22BD72EE008F9183 /* Build configuration list for PBXNativeTarget "TubeStatus" */;
			buildPhases = (
				24D28A023542306E346675B7 /* [CP] Check Pods Manifest.lock */,
				7F4F83FB22BD72ED008F9183 /* Sources */,
				7F4F83FC22BD72ED008F9183 /* Frameworks */,
				7F4F83FD22BD72ED008F9183 /* Resources */,
				7F99797922C6A8F10065579D /* Embed App Extensions */,
				7FEFF51B22C78C9D0083C36F /* Embed Frameworks */,
				EB5002B80859CABD6321506F /* [CP] Embed Pods Frameworks */,
			);
			buildRules = (
			);
			dependencies = (
				7F7C942422C797210055466C /* PBXTargetDependency */,
				7F7C944022C819360055466C /* PBXTargetDependency */,
				7FE233FC22CFF605008D0253 /* PBXTargetDependency */,
				7FAA278C22D12ACD007AAEA7 /* PBXTargetDependency */,
			);
			name = TubeStatus;
			productName = TubeStatus;
			productReference = 7F4F83FF22BD72ED008F9183 /* TubeStatus.app */;
			productType = "com.apple.product-type.application";
		};
		7F7C942822C819350055466C /* TubeStatusIntent */ = {
			isa = PBXNativeTarget;
			buildConfigurationList = 7F7C944522C819360055466C /* Build configuration list for PBXNativeTarget "TubeStatusIntent" */;
			buildPhases = (
				7F7C942522C819350055466C /* Sources */,
				7F7C942622C819350055466C /* Frameworks */,
				7F7C942722C819350055466C /* Resources */,
			);
			buildRules = (
			);
			dependencies = (
			);
			name = TubeStatusIntent;
			productName = TubeStatusIntent;
			productReference = 7F7C942922C819350055466C /* TubeStatusIntent.appex */;
			productType = "com.apple.product-type.app-extension";
		};
		7FAA278122D12ACD007AAEA7 /* SimpleTodayWidget */ = {
			isa = PBXNativeTarget;
			buildConfigurationList = 7FAA278E22D12ACD007AAEA7 /* Build configuration list for PBXNativeTarget "SimpleTodayWidget" */;
			buildPhases = (
				7FAA277E22D12ACD007AAEA7 /* Sources */,
				7FAA277F22D12ACD007AAEA7 /* Frameworks */,
				7FAA278022D12ACD007AAEA7 /* Resources */,
			);
			buildRules = (
			);
			dependencies = (
			);
			name = SimpleTodayWidget;
			productName = SimpleTodayWidget;
			productReference = 7FAA278222D12ACD007AAEA7 /* SimpleTodayWidget.appex */;
			productType = "com.apple.product-type.app-extension";
		};
		7FE233F122CFF605008D0253 /* TodayWIdget */ = {
			isa = PBXNativeTarget;
			buildConfigurationList = 7FE233FE22CFF605008D0253 /* Build configuration list for PBXNativeTarget "TodayWIdget" */;
			buildPhases = (
				7FE233EE22CFF605008D0253 /* Sources */,
				7FE233EF22CFF605008D0253 /* Frameworks */,
				7FE233F022CFF605008D0253 /* Resources */,
			);
			buildRules = (
			);
			dependencies = (
			);
			name = TodayWIdget;
			productName = TodayWIdget;
			productReference = 7FE233F222CFF605008D0253 /* TodayWIdget.appex */;
			productType = "com.apple.product-type.app-extension";
		};
/* End PBXNativeTarget section */

/* Begin PBXProject section */
		7F4F83F722BD72ED008F9183 /* Project object */ = {
			isa = PBXProject;
			attributes = {
				LastSwiftUpdateCheck = 1020;
				LastUpgradeCheck = 1020;
				ORGANIZATIONNAME = "App Ktchn";
				TargetAttributes = {
					7F4F83FE22BD72ED008F9183 = {
						CreatedOnToolsVersion = 10.2.1;
						SystemCapabilities = {
							com.apple.ApplicationGroups.iOS = {
								enabled = 1;
							};
							com.apple.Siri = {
								enabled = 1;
							};
						};
					};
					7F7C942822C819350055466C = {
						CreatedOnToolsVersion = 10.2.1;
						SystemCapabilities = {
							com.apple.ApplicationGroups.iOS = {
								enabled = 1;
							};
						};
					};
					7FAA278122D12ACD007AAEA7 = {
						CreatedOnToolsVersion = 10.2.1;
					};
					7FE233F122CFF605008D0253 = {
						CreatedOnToolsVersion = 10.2.1;
						SystemCapabilities = {
							com.apple.ApplicationGroups.iOS = {
								enabled = 1;
							};
						};
					};
				};
			};
			buildConfigurationList = 7F4F83FA22BD72ED008F9183 /* Build configuration list for PBXProject "TubeStatus" */;
			compatibilityVersion = "Xcode 9.3";
			developmentRegion = en;
			hasScannedForEncodings = 0;
			knownRegions = (
				en,
				Base,
			);
			mainGroup = 7F4F83F622BD72ED008F9183;
			productRefGroup = 7F4F840022BD72ED008F9183 /* Products */;
			projectDirPath = "";
			projectReferences = (
				{
					ProductGroup = 7F7C941C22C7971C0055466C /* Products */;
					ProjectRef = 7F7C941B22C7971C0055466C /* TubeStatusCore.xcodeproj */;
				},
			);
			projectRoot = "";
			targets = (
				7F4F83FE22BD72ED008F9183 /* TubeStatus */,
				7F7C942822C819350055466C /* TubeStatusIntent */,
				7FE233F122CFF605008D0253 /* TodayWIdget */,
				7FAA278122D12ACD007AAEA7 /* SimpleTodayWidget */,
			);
		};
/* End PBXProject section */

/* Begin PBXReferenceProxy section */
		7F7C942022C7971C0055466C /* TubeStatusCore.framework */ = {
			isa = PBXReferenceProxy;
			fileType = wrapper.framework;
			path = TubeStatusCore.framework;
			remoteRef = 7F7C941F22C7971C0055466C /* PBXContainerItemProxy */;
			sourceTree = BUILT_PRODUCTS_DIR;
		};
/* End PBXReferenceProxy section */

/* Begin PBXResourcesBuildPhase section */
		7F4F83FD22BD72ED008F9183 /* Resources */ = {
			isa = PBXResourcesBuildPhase;
			buildActionMask = 2147483647;
			files = (
				7F4F840D22BD72EE008F9183 /* LaunchScreen.storyboard in Resources */,
				7F536DC022DBE1CF00025632 /* GoogleService-Info.plist in Resources */,
				7F4F840A22BD72EE008F9183 /* Assets.xcassets in Resources */,
			);
			runOnlyForDeploymentPostprocessing = 0;
		};
		7F7C942722C819350055466C /* Resources */ = {
			isa = PBXResourcesBuildPhase;
			buildActionMask = 2147483647;
			files = (
			);
			runOnlyForDeploymentPostprocessing = 0;
		};
		7FAA278022D12ACD007AAEA7 /* Resources */ = {
			isa = PBXResourcesBuildPhase;
			buildActionMask = 2147483647;
			files = (
				7FAA278922D12ACD007AAEA7 /* MainInterface.storyboard in Resources */,
			);
			runOnlyForDeploymentPostprocessing = 0;
		};
		7FE233F022CFF605008D0253 /* Resources */ = {
			isa = PBXResourcesBuildPhase;
			buildActionMask = 2147483647;
			files = (
				7FE233F922CFF605008D0253 /* MainInterface.storyboard in Resources */,
			);
			runOnlyForDeploymentPostprocessing = 0;
		};
/* End PBXResourcesBuildPhase section */

/* Begin PBXShellScriptBuildPhase section */
		24D28A023542306E346675B7 /* [CP] Check Pods Manifest.lock */ = {
			isa = PBXShellScriptBuildPhase;
			buildActionMask = 2147483647;
			files = (
			);
			inputFileListPaths = (
			);
			inputPaths = (
				"${PODS_PODFILE_DIR_PATH}/Podfile.lock",
				"${PODS_ROOT}/Manifest.lock",
			);
			name = "[CP] Check Pods Manifest.lock";
			outputFileListPaths = (
			);
			outputPaths = (
				"$(DERIVED_FILE_DIR)/Pods-TubeStatus-checkManifestLockResult.txt",
			);
			runOnlyForDeploymentPostprocessing = 0;
			shellPath = /bin/sh;
			shellScript = "diff \"${PODS_PODFILE_DIR_PATH}/Podfile.lock\" \"${PODS_ROOT}/Manifest.lock\" > /dev/null\nif [ $? != 0 ] ; then\n    # print error to STDERR\n    echo \"error: The sandbox is not in sync with the Podfile.lock. Run 'pod install' or update your CocoaPods installation.\" >&2\n    exit 1\nfi\n# This output is used by Xcode 'outputs' to avoid re-running this script phase.\necho \"SUCCESS\" > \"${SCRIPT_OUTPUT_FILE_0}\"\n";
			showEnvVarsInLog = 0;
		};
		EB5002B80859CABD6321506F /* [CP] Embed Pods Frameworks */ = {
			isa = PBXShellScriptBuildPhase;
			buildActionMask = 2147483647;
			files = (
			);
			inputFileListPaths = (
				"${PODS_ROOT}/Target Support Files/Pods-TubeStatus/Pods-TubeStatus-frameworks-${CONFIGURATION}-input-files.xcfilelist",
			);
			name = "[CP] Embed Pods Frameworks";
			outputFileListPaths = (
				"${PODS_ROOT}/Target Support Files/Pods-TubeStatus/Pods-TubeStatus-frameworks-${CONFIGURATION}-output-files.xcfilelist",
			);
			runOnlyForDeploymentPostprocessing = 0;
			shellPath = /bin/sh;
			shellScript = "\"${PODS_ROOT}/Target Support Files/Pods-TubeStatus/Pods-TubeStatus-frameworks.sh\"\n";
			showEnvVarsInLog = 0;
		};
/* End PBXShellScriptBuildPhase section */

/* Begin PBXSourcesBuildPhase section */
		7F4F83FB22BD72ED008F9183 /* Sources */ = {
			isa = PBXSourcesBuildPhase;
			buildActionMask = 2147483647;
			files = (
				7F7C944922C819640055466C /* Intents.intentdefinition in Sources */,
				7FB7CB2122C0158F00EC24CE /* SwipeExampleCell.swift in Sources */,
				7FDE45E022BF9FFF004909BE /* TimerCell.swift in Sources */,
				7F4F842422BD73D9008F9183 /* StatusListVC.swift in Sources */,
				7F4F840322BD72ED008F9183 /* AppDelegate.swift in Sources */,
				7F4F842A22BD7467008F9183 /* LineStatusCell.swift in Sources */,
			);
			runOnlyForDeploymentPostprocessing = 0;
		};
		7F7C942522C819350055466C /* Sources */ = {
			isa = PBXSourcesBuildPhase;
			buildActionMask = 2147483647;
			files = (
				7F7C944A22C81A690055466C /* Intents.intentdefinition in Sources */,
				7F7C944D22C81AED0055466C /* TubeStatusIntentHandler.swift in Sources */,
				7F7C942C22C819350055466C /* IntentHandler.swift in Sources */,
			);
			runOnlyForDeploymentPostprocessing = 0;
		};
		7FAA277E22D12ACD007AAEA7 /* Sources */ = {
			isa = PBXSourcesBuildPhase;
			buildActionMask = 2147483647;
			files = (
				7FAA278622D12ACD007AAEA7 /* TodayViewController.swift in Sources */,
			);
			runOnlyForDeploymentPostprocessing = 0;
		};
		7FE233EE22CFF605008D0253 /* Sources */ = {
			isa = PBXSourcesBuildPhase;
			buildActionMask = 2147483647;
			files = (
				7FE233F622CFF605008D0253 /* TodayViewController.swift in Sources */,
			);
			runOnlyForDeploymentPostprocessing = 0;
		};
/* End PBXSourcesBuildPhase section */

/* Begin PBXTargetDependency section */
		7F7C942422C797210055466C /* PBXTargetDependency */ = {
			isa = PBXTargetDependency;
			name = TubeStatusCore;
			targetProxy = 7F7C942322C797210055466C /* PBXContainerItemProxy */;
		};
		7F7C944022C819360055466C /* PBXTargetDependency */ = {
			isa = PBXTargetDependency;
			target = 7F7C942822C819350055466C /* TubeStatusIntent */;
			targetProxy = 7F7C943F22C819360055466C /* PBXContainerItemProxy */;
		};
		7FAA278C22D12ACD007AAEA7 /* PBXTargetDependency */ = {
			isa = PBXTargetDependency;
			target = 7FAA278122D12ACD007AAEA7 /* SimpleTodayWidget */;
			targetProxy = 7FAA278B22D12ACD007AAEA7 /* PBXContainerItemProxy */;
		};
		7FE233FC22CFF605008D0253 /* PBXTargetDependency */ = {
			isa = PBXTargetDependency;
			target = 7FE233F122CFF605008D0253 /* TodayWIdget */;
			targetProxy = 7FE233FB22CFF605008D0253 /* PBXContainerItemProxy */;
		};
/* End PBXTargetDependency section */

/* Begin PBXVariantGroup section */
		7F4F840B22BD72EE008F9183 /* LaunchScreen.storyboard */ = {
			isa = PBXVariantGroup;
			children = (
				7F4F840C22BD72EE008F9183 /* Base */,
			);
			name = LaunchScreen.storyboard;
			sourceTree = "<group>";
		};
		7FAA278722D12ACD007AAEA7 /* MainInterface.storyboard */ = {
			isa = PBXVariantGroup;
			children = (
				7FAA278822D12ACD007AAEA7 /* Base */,
			);
			name = MainInterface.storyboard;
			sourceTree = "<group>";
		};
		7FE233F722CFF605008D0253 /* MainInterface.storyboard */ = {
			isa = PBXVariantGroup;
			children = (
				7FE233F822CFF605008D0253 /* Base */,
			);
			name = MainInterface.storyboard;
			sourceTree = "<group>";
		};
/* End PBXVariantGroup section */

/* Begin XCBuildConfiguration section */
		7F4F841A22BD72EE008F9183 /* Debug */ = {
			isa = XCBuildConfiguration;
			buildSettings = {
				ALWAYS_SEARCH_USER_PATHS = NO;
				CLANG_ANALYZER_NONNULL = YES;
				CLANG_ANALYZER_NUMBER_OBJECT_CONVERSION = YES_AGGRESSIVE;
				CLANG_CXX_LANGUAGE_STANDARD = "gnu++14";
				CLANG_CXX_LIBRARY = "libc++";
				CLANG_ENABLE_MODULES = YES;
				CLANG_ENABLE_OBJC_ARC = YES;
				CLANG_ENABLE_OBJC_WEAK = YES;
				CLANG_WARN_BLOCK_CAPTURE_AUTORELEASING = YES;
				CLANG_WARN_BOOL_CONVERSION = YES;
				CLANG_WARN_COMMA = YES;
				CLANG_WARN_CONSTANT_CONVERSION = YES;
				CLANG_WARN_DEPRECATED_OBJC_IMPLEMENTATIONS = YES;
				CLANG_WARN_DIRECT_OBJC_ISA_USAGE = YES_ERROR;
				CLANG_WARN_DOCUMENTATION_COMMENTS = YES;
				CLANG_WARN_EMPTY_BODY = YES;
				CLANG_WARN_ENUM_CONVERSION = YES;
				CLANG_WARN_INFINITE_RECURSION = YES;
				CLANG_WARN_INT_CONVERSION = YES;
				CLANG_WARN_NON_LITERAL_NULL_CONVERSION = YES;
				CLANG_WARN_OBJC_IMPLICIT_RETAIN_SELF = YES;
				CLANG_WARN_OBJC_LITERAL_CONVERSION = YES;
				CLANG_WARN_OBJC_ROOT_CLASS = YES_ERROR;
				CLANG_WARN_RANGE_LOOP_ANALYSIS = YES;
				CLANG_WARN_STRICT_PROTOTYPES = YES;
				CLANG_WARN_SUSPICIOUS_MOVE = YES;
				CLANG_WARN_UNGUARDED_AVAILABILITY = YES_AGGRESSIVE;
				CLANG_WARN_UNREACHABLE_CODE = YES;
				CLANG_WARN__DUPLICATE_METHOD_MATCH = YES;
				CODE_SIGN_IDENTITY = "iPhone Developer";
				COPY_PHASE_STRIP = NO;
				DEBUG_INFORMATION_FORMAT = dwarf;
				ENABLE_STRICT_OBJC_MSGSEND = YES;
				ENABLE_TESTABILITY = YES;
				GCC_C_LANGUAGE_STANDARD = gnu11;
				GCC_DYNAMIC_NO_PIC = NO;
				GCC_NO_COMMON_BLOCKS = YES;
				GCC_OPTIMIZATION_LEVEL = 0;
				GCC_PREPROCESSOR_DEFINITIONS = (
					"DEBUG=1",
					"$(inherited)",
				);
				GCC_WARN_64_TO_32_BIT_CONVERSION = YES;
				GCC_WARN_ABOUT_RETURN_TYPE = YES_ERROR;
				GCC_WARN_UNDECLARED_SELECTOR = YES;
				GCC_WARN_UNINITIALIZED_AUTOS = YES_AGGRESSIVE;
				GCC_WARN_UNUSED_FUNCTION = YES;
				GCC_WARN_UNUSED_VARIABLE = YES;
				IPHONEOS_DEPLOYMENT_TARGET = 12.2;
				MTL_ENABLE_DEBUG_INFO = INCLUDE_SOURCE;
				MTL_FAST_MATH = YES;
				ONLY_ACTIVE_ARCH = YES;
				SDKROOT = iphoneos;
				SWIFT_ACTIVE_COMPILATION_CONDITIONS = DEBUG;
				SWIFT_OPTIMIZATION_LEVEL = "-Onone";
			};
			name = Debug;
		};
		7F4F841B22BD72EE008F9183 /* Release */ = {
			isa = XCBuildConfiguration;
			buildSettings = {
				ALWAYS_SEARCH_USER_PATHS = NO;
				CLANG_ANALYZER_NONNULL = YES;
				CLANG_ANALYZER_NUMBER_OBJECT_CONVERSION = YES_AGGRESSIVE;
				CLANG_CXX_LANGUAGE_STANDARD = "gnu++14";
				CLANG_CXX_LIBRARY = "libc++";
				CLANG_ENABLE_MODULES = YES;
				CLANG_ENABLE_OBJC_ARC = YES;
				CLANG_ENABLE_OBJC_WEAK = YES;
				CLANG_WARN_BLOCK_CAPTURE_AUTORELEASING = YES;
				CLANG_WARN_BOOL_CONVERSION = YES;
				CLANG_WARN_COMMA = YES;
				CLANG_WARN_CONSTANT_CONVERSION = YES;
				CLANG_WARN_DEPRECATED_OBJC_IMPLEMENTATIONS = YES;
				CLANG_WARN_DIRECT_OBJC_ISA_USAGE = YES_ERROR;
				CLANG_WARN_DOCUMENTATION_COMMENTS = YES;
				CLANG_WARN_EMPTY_BODY = YES;
				CLANG_WARN_ENUM_CONVERSION = YES;
				CLANG_WARN_INFINITE_RECURSION = YES;
				CLANG_WARN_INT_CONVERSION = YES;
				CLANG_WARN_NON_LITERAL_NULL_CONVERSION = YES;
				CLANG_WARN_OBJC_IMPLICIT_RETAIN_SELF = YES;
				CLANG_WARN_OBJC_LITERAL_CONVERSION = YES;
				CLANG_WARN_OBJC_ROOT_CLASS = YES_ERROR;
				CLANG_WARN_RANGE_LOOP_ANALYSIS = YES;
				CLANG_WARN_STRICT_PROTOTYPES = YES;
				CLANG_WARN_SUSPICIOUS_MOVE = YES;
				CLANG_WARN_UNGUARDED_AVAILABILITY = YES_AGGRESSIVE;
				CLANG_WARN_UNREACHABLE_CODE = YES;
				CLANG_WARN__DUPLICATE_METHOD_MATCH = YES;
				CODE_SIGN_IDENTITY = "iPhone Developer";
				COPY_PHASE_STRIP = NO;
				DEBUG_INFORMATION_FORMAT = "dwarf-with-dsym";
				ENABLE_NS_ASSERTIONS = NO;
				ENABLE_STRICT_OBJC_MSGSEND = YES;
				GCC_C_LANGUAGE_STANDARD = gnu11;
				GCC_NO_COMMON_BLOCKS = YES;
				GCC_WARN_64_TO_32_BIT_CONVERSION = YES;
				GCC_WARN_ABOUT_RETURN_TYPE = YES_ERROR;
				GCC_WARN_UNDECLARED_SELECTOR = YES;
				GCC_WARN_UNINITIALIZED_AUTOS = YES_AGGRESSIVE;
				GCC_WARN_UNUSED_FUNCTION = YES;
				GCC_WARN_UNUSED_VARIABLE = YES;
				IPHONEOS_DEPLOYMENT_TARGET = 12.2;
				MTL_ENABLE_DEBUG_INFO = NO;
				MTL_FAST_MATH = YES;
				SDKROOT = iphoneos;
				SWIFT_COMPILATION_MODE = wholemodule;
				SWIFT_OPTIMIZATION_LEVEL = "-O";
				VALIDATE_PRODUCT = YES;
			};
			name = Release;
		};
		7F4F841D22BD72EE008F9183 /* Debug */ = {
			isa = XCBuildConfiguration;
			baseConfigurationReference = 95A34B55DF6BE75A8F4FABA2 /* Pods-TubeStatus.debug.xcconfig */;
			buildSettings = {
				ALWAYS_EMBED_SWIFT_STANDARD_LIBRARIES = YES;
				ASSETCATALOG_COMPILER_APPICON_NAME = AppIcon;
				CLANG_ALLOW_NON_MODULAR_INCLUDES_IN_FRAMEWORK_MODULES = YES;
				CODE_SIGN_ENTITLEMENTS = TubeStatus/TubeStatus.entitlements;
				CODE_SIGN_STYLE = Automatic;
				DEVELOPMENT_TEAM = GJ6558HKQT;
				FRAMEWORK_SEARCH_PATHS = (
					"$(inherited)",
					"\"${PODS_CONFIGURATION_BUILD_DIR}/MBProgressHUD\"",
				);
				INFOPLIST_FILE = TubeStatus/Info.plist;
				IPHONEOS_DEPLOYMENT_TARGET = 13.0;
				LD_RUNPATH_SEARCH_PATHS = (
					"$(inherited)",
					"@executable_path/Frameworks",
				);
				PRODUCT_BUNDLE_IDENTIFIER = com.appktchn.TubeStatus;
				PRODUCT_NAME = "$(TARGET_NAME)";
				SWIFT_OBJC_BRIDGING_HEADER = "TubeStatus/TubeStatus-Bridging-Header.h";
				SWIFT_VERSION = 5.0;
				TARGETED_DEVICE_FAMILY = "1,2";
			};
			name = Debug;
		};
		7F4F841E22BD72EE008F9183 /* Release */ = {
			isa = XCBuildConfiguration;
			baseConfigurationReference = 166476670031A3C074139446 /* Pods-TubeStatus.release.xcconfig */;
			buildSettings = {
				ALWAYS_EMBED_SWIFT_STANDARD_LIBRARIES = YES;
				ASSETCATALOG_COMPILER_APPICON_NAME = AppIcon;
				CLANG_ALLOW_NON_MODULAR_INCLUDES_IN_FRAMEWORK_MODULES = YES;
				CODE_SIGN_ENTITLEMENTS = TubeStatus/TubeStatus.entitlements;
				CODE_SIGN_STYLE = Automatic;
				DEVELOPMENT_TEAM = GJ6558HKQT;
				FRAMEWORK_SEARCH_PATHS = (
					"$(inherited)",
					"\"${PODS_CONFIGURATION_BUILD_DIR}/MBProgressHUD\"",
				);
				INFOPLIST_FILE = TubeStatus/Info.plist;
				IPHONEOS_DEPLOYMENT_TARGET = 13.0;
				LD_RUNPATH_SEARCH_PATHS = (
					"$(inherited)",
					"@executable_path/Frameworks",
				);
				PRODUCT_BUNDLE_IDENTIFIER = com.appktchn.TubeStatus;
				PRODUCT_NAME = "$(TARGET_NAME)";
				SWIFT_OBJC_BRIDGING_HEADER = "TubeStatus/TubeStatus-Bridging-Header.h";
				SWIFT_VERSION = 5.0;
				TARGETED_DEVICE_FAMILY = "1,2";
			};
			name = Release;
		};
		7F7C944622C819360055466C /* Debug */ = {
			isa = XCBuildConfiguration;
			buildSettings = {
				CODE_SIGN_ENTITLEMENTS = TubeStatusIntent/TubeStatusIntent.entitlements;
				CODE_SIGN_STYLE = Automatic;
				DEVELOPMENT_TEAM = GJ6558HKQT;
				FRAMEWORK_SEARCH_PATHS = "";
				INFOPLIST_FILE = TubeStatusIntent/Info.plist;
				LD_RUNPATH_SEARCH_PATHS = (
					"$(inherited)",
					"@executable_path/Frameworks",
					"@executable_path/../../Frameworks",
				);
				PRODUCT_BUNDLE_IDENTIFIER = com.appktchn.TubeStatus.TubeStatusIntent;
				PRODUCT_NAME = "$(TARGET_NAME)";
				SKIP_INSTALL = YES;
				SWIFT_VERSION = 5.0;
				TARGETED_DEVICE_FAMILY = "1,2";
			};
			name = Debug;
		};
		7F7C944722C819360055466C /* Release */ = {
			isa = XCBuildConfiguration;
			buildSettings = {
				CODE_SIGN_ENTITLEMENTS = TubeStatusIntent/TubeStatusIntent.entitlements;
				CODE_SIGN_STYLE = Automatic;
				DEVELOPMENT_TEAM = GJ6558HKQT;
				FRAMEWORK_SEARCH_PATHS = "";
				INFOPLIST_FILE = TubeStatusIntent/Info.plist;
				LD_RUNPATH_SEARCH_PATHS = (
					"$(inherited)",
					"@executable_path/Frameworks",
					"@executable_path/../../Frameworks",
				);
				PRODUCT_BUNDLE_IDENTIFIER = com.appktchn.TubeStatus.TubeStatusIntent;
				PRODUCT_NAME = "$(TARGET_NAME)";
				SKIP_INSTALL = YES;
				SWIFT_VERSION = 5.0;
				TARGETED_DEVICE_FAMILY = "1,2";
			};
			name = Release;
		};
		7FAA278F22D12ACD007AAEA7 /* Debug */ = {
			isa = XCBuildConfiguration;
			buildSettings = {
				CODE_SIGN_STYLE = Automatic;
				DEVELOPMENT_TEAM = GJ6558HKQT;
				INFOPLIST_FILE = SimpleTodayWidget/Info.plist;
				LD_RUNPATH_SEARCH_PATHS = (
					"$(inherited)",
					"@executable_path/Frameworks",
					"@executable_path/../../Frameworks",
				);
				PRODUCT_BUNDLE_IDENTIFIER = com.appktchn.TubeStatus.SimpleTodayWidget;
				PRODUCT_NAME = "$(TARGET_NAME)";
				SKIP_INSTALL = YES;
				SWIFT_VERSION = 5.0;
				TARGETED_DEVICE_FAMILY = "1,2";
			};
			name = Debug;
		};
		7FAA279022D12ACD007AAEA7 /* Release */ = {
			isa = XCBuildConfiguration;
			buildSettings = {
				CODE_SIGN_STYLE = Automatic;
				DEVELOPMENT_TEAM = GJ6558HKQT;
				INFOPLIST_FILE = SimpleTodayWidget/Info.plist;
				LD_RUNPATH_SEARCH_PATHS = (
					"$(inherited)",
					"@executable_path/Frameworks",
					"@executable_path/../../Frameworks",
				);
				PRODUCT_BUNDLE_IDENTIFIER = com.appktchn.TubeStatus.SimpleTodayWidget;
				PRODUCT_NAME = "$(TARGET_NAME)";
				SKIP_INSTALL = YES;
				SWIFT_VERSION = 5.0;
				TARGETED_DEVICE_FAMILY = "1,2";
			};
			name = Release;
		};
		7FE233FF22CFF605008D0253 /* Debug */ = {
			isa = XCBuildConfiguration;
			buildSettings = {
				CODE_SIGN_ENTITLEMENTS = TodayWIdget/TodayWIdget.entitlements;
				CODE_SIGN_STYLE = Automatic;
				DEVELOPMENT_TEAM = GJ6558HKQT;
				INFOPLIST_FILE = TodayWIdget/Info.plist;
				LD_RUNPATH_SEARCH_PATHS = (
					"$(inherited)",
					"@executable_path/Frameworks",
					"@executable_path/../../Frameworks",
				);
				PRODUCT_BUNDLE_IDENTIFIER = com.appktchn.TubeStatus.TodayWIdget;
				PRODUCT_NAME = "$(TARGET_NAME)";
				SKIP_INSTALL = YES;
				SWIFT_VERSION = 5.0;
				TARGETED_DEVICE_FAMILY = "1,2";
			};
			name = Debug;
		};
		7FE2340022CFF605008D0253 /* Release */ = {
			isa = XCBuildConfiguration;
			buildSettings = {
				CODE_SIGN_ENTITLEMENTS = TodayWIdget/TodayWIdget.entitlements;
				CODE_SIGN_STYLE = Automatic;
				DEVELOPMENT_TEAM = GJ6558HKQT;
				INFOPLIST_FILE = TodayWIdget/Info.plist;
				LD_RUNPATH_SEARCH_PATHS = (
					"$(inherited)",
					"@executable_path/Frameworks",
					"@executable_path/../../Frameworks",
				);
				PRODUCT_BUNDLE_IDENTIFIER = com.appktchn.TubeStatus.TodayWIdget;
				PRODUCT_NAME = "$(TARGET_NAME)";
				SKIP_INSTALL = YES;
				SWIFT_VERSION = 5.0;
				TARGETED_DEVICE_FAMILY = "1,2";
			};
			name = Release;
		};
/* End XCBuildConfiguration section */

/* Begin XCConfigurationList section */
		7F4F83FA22BD72ED008F9183 /* Build configuration list for PBXProject "TubeStatus" */ = {
			isa = XCConfigurationList;
			buildConfigurations = (
				7F4F841A22BD72EE008F9183 /* Debug */,
				7F4F841B22BD72EE008F9183 /* Release */,
			);
			defaultConfigurationIsVisible = 0;
			defaultConfigurationName = Release;
		};
		7F4F841C22BD72EE008F9183 /* Build configuration list for PBXNativeTarget "TubeStatus" */ = {
			isa = XCConfigurationList;
			buildConfigurations = (
				7F4F841D22BD72EE008F9183 /* Debug */,
				7F4F841E22BD72EE008F9183 /* Release */,
			);
			defaultConfigurationIsVisible = 0;
			defaultConfigurationName = Release;
		};
		7F7C944522C819360055466C /* Build configuration list for PBXNativeTarget "TubeStatusIntent" */ = {
			isa = XCConfigurationList;
			buildConfigurations = (
				7F7C944622C819360055466C /* Debug */,
				7F7C944722C819360055466C /* Release */,
			);
			defaultConfigurationIsVisible = 0;
			defaultConfigurationName = Release;
		};
		7FAA278E22D12ACD007AAEA7 /* Build configuration list for PBXNativeTarget "SimpleTodayWidget" */ = {
			isa = XCConfigurationList;
			buildConfigurations = (
				7FAA278F22D12ACD007AAEA7 /* Debug */,
				7FAA279022D12ACD007AAEA7 /* Release */,
			);
			defaultConfigurationIsVisible = 0;
			defaultConfigurationName = Release;
		};
		7FE233FE22CFF605008D0253 /* Build configuration list for PBXNativeTarget "TodayWIdget" */ = {
			isa = XCConfigurationList;
			buildConfigurations = (
				7FE233FF22CFF605008D0253 /* Debug */,
				7FE2340022CFF605008D0253 /* Release */,
			);
			defaultConfigurationIsVisible = 0;
			defaultConfigurationName = Release;
		};
/* End XCConfigurationList section */
	};
	rootObject = 7F4F83F722BD72ED008F9183 /* Project object */;
}
